
Microsoft Visual Studio Solution File, Format Version 12.00
# Visual Studio 15
VisualStudioVersion = 15.0.28010.2041
MinimumVisualStudioVersion = 10.0.40219.1
Project("{FAE04EC0-301F-11D3-BF4B-00C04F79EFBC}") = "BOBrealcode", "BOBrealcode\BOBrealcode.csproj", "{DB531F21-4FE5-477D-AA40-E6931EDEE611}"
EndProject
Global
	GlobalSection(SolutionConfigurationPlatforms) = preSolution
		Debug|Any CPU = Debug|Any CPU
		Release|Any CPU = Release|Any CPU
	EndGlobalSection
	GlobalSection(ProjectConfigurationPlatforms) = postSolution
		{DB531F21-4FE5-477D-AA40-E6931EDEE611}.Debug|Any CPU.ActiveCfg = Debug|Any CPU
		{DB531F21-4FE5-477D-AA40-E6931EDEE611}.Debug|Any CPU.Build.0 = Debug|Any CPU
		{DB531F21-4FE5-477D-AA40-E6931EDEE611}.Release|Any CPU.ActiveCfg = Release|Any CPU
		{DB531F21-4FE5-477D-AA40-E6931EDEE611}.Release|Any CPU.Build.0 = Release|Any CPU
	EndGlobalSection
	GlobalSection(SolutionProperties) = preSolution
		HideSolutionNode = FALSE
	EndGlobalSection
	GlobalSection(ExtensibilityGlobals) = postSolution
		SolutionGuid = {B07AC915-424E-455C-A50A-5A087484D702}
	EndGlobalSection
EndGlobal
